lockfileVersion: '9.0'

settings:
  autoInstallPeers: true
  excludeLinksFromLockfile: false

importers:

  .:
    devDependencies:
      '@types/node':
        specifier: ^17.0.45
        version: 17.0.45
      '@types/vscode':
        specifier: ^1.75.0
        version: 1.97.0
      execa:
        specifier: ^9.5.2
        version: 9.5.2
      vscode-languageclient:
        specifier: ^8.1.0
        version: 8.1.0
      vscode-test:
        specifier: ^1.6.1
        version: 1.6.1

packages:

  '@sec-ant/readable-stream@0.4.1':
    resolution: {integrity: sha512-831qok9r2t8AlxLko40y2ebgSDhenenCatLVeW/uBtnHPyhHOvG0C7TvfgecV+wHzIm5KUICgzmVpWS+IMEAeg==}

  '@sindresorhus/merge-streams@4.0.0':
    resolution: {integrity: sha512-tlqY9xq5ukxTUZBmoOp+m61cqwQD5pHJtFY3Mn8CA8ps6yghLH/Hw8UPdqg4OLmFW3IFlcXnQNmo/dh8HzXYIQ==}
    engines: {node: '>=18'}

  '@tootallnate/once@1.1.2':
    resolution: {integrity: sha512-RbzJvlNzmRq5c3O09UipeuXno4tA1FE6ikOjxZK0tuxVv3412l64l5t1W5pj4+rJq9vpkm/kwiR07aZXnsKPxw==}
    engines: {node: '>= 6'}

  '@types/node@17.0.45':
    resolution: {integrity: sha512-w+tIMs3rq2afQdsPJlODhoUEKzFP1ayaoyl1CcnwtIlsVe7K7bA1NGm4s3PraqTLlXnbIN84zuBlxBWo1u9BLw==}

  '@types/vscode@1.97.0':
    resolution: {integrity: sha512-ueE73loeOTe7olaVyqP9mrRI54kVPJifUPjblZo9fYcv1CuVLPOEKEkqW0GkqPC454+nCEoigLWnC2Pp7prZ9w==}

  agent-base@6.0.2:
    resolution: {integrity: sha512-RZNwNclF7+MS/8bDg70amg32dyeZGZxiDuQmZxKLAlQjr3jGyLx+4Kkk58UO7D2QdgFIQCovuSuZESne6RG6XQ==}
    engines: {node: '>= 6.0.0'}

  balanced-match@1.0.2:
    resolution: {integrity: sha512-3oSeUO0TMV67hN1AmbXsK4yaqU7tjiHlbxRDZOpH0KW9+CeX4bRAaX0Anxt0tx2MrpRpWwQaPwIlISEJhYU5Pw==}

  big-integer@1.6.51:
    resolution: {integrity: sha512-GPEid2Y9QU1Exl1rpO9B2IPJGHPSupF5GnVIP0blYvNOMer2bTvSWs1jGOUg04hTmu67nmLsQ9TBo1puaotBHg==}
    engines: {node: '>=0.6'}

  binary@0.3.0:
    resolution: {integrity: sha512-D4H1y5KYwpJgK8wk1Cue5LLPgmwHKYSChkbspQg5JtVuR5ulGckxfR62H3AE9UDkdMC8yyXlqYihuz3Aqg2XZg==}

  bluebird@3.4.7:
    resolution: {integrity: sha512-iD3898SR7sWVRHbiQv+sHUtHnMvC1o3nW5rAcqnq3uOn07DSAppZYUkIGslDz6gXC7HfunPe7YVBgoEJASPcHA==}

  brace-expansion@1.1.11:
    resolution: {integrity: sha512-iCuPHDFgrHX7H2vEI/5xpz07zSHB00TpugqhmYtVmMO6518mCuRMoOYFldEBl0g187ufozdaHgWKcYFb61qGiA==}

  brace-expansion@2.0.1:
    resolution: {integrity: sha512-XnAIvQ8eM+kC6aULx6wuQiwVsnzsi9d3WxzV3FpWTGA19F621kwdbsAcFKXgKUHZWsy+mY6iL1sHTxWEFCytDA==}

  buffer-indexof-polyfill@1.0.2:
    resolution: {integrity: sha512-I7wzHwA3t1/lwXQh+A5PbNvJxgfo5r3xulgpYDB5zckTu/Z9oUK9biouBKQUjEqzaz3HnAT6TYoovmE+GqSf7A==}
    engines: {node: '>=0.10'}

  buffers@0.1.1:
    resolution: {integrity: sha512-9q/rDEGSb/Qsvv2qvzIzdluL5k7AaJOTrw23z9reQthrbF7is4CtlT0DXyO1oei2DCp4uojjzQ7igaSHp1kAEQ==}
    engines: {node: '>=0.2.0'}

  chainsaw@0.1.0:
    resolution: {integrity: sha512-75kWfWt6MEKNC8xYXIdRpDehRYY/tNSgwKaJq+dbbDcxORuVrrQ+SEHoWsniVn9XPYfP4gmdWIeDk/4YNp1rNQ==}

  concat-map@0.0.1:
    resolution: {integrity: sha512-/Srv4dswyQNBfohGpz9o6Yb3Gz3SrUDqBH5rTuhGR7ahtlbYKnVxw2bCFMRljaA7EXHaXZ8wsHdodFvbkhKmqg==}

  core-util-is@1.0.3:
    resolution: {integrity: sha512-ZQBvi1DcpJ4GDqanjucZ2Hj3wEO5pZDS89BWbkcrvdxksJorwUDDZamX9ldFkp9aw2lmBDLgkObEA4DWNJ9FYQ==}

  cross-spawn@7.0.6:
    resolution: {integrity: sha512-uV2QOWP2nWzsy2aMp8aRibhi9dlzF5Hgh5SHaB9OiTGEyDTiJJyx0uy51QXdyWbtAHNua4XJzUKca3OzKUd3vA==}
    engines: {node: '>= 8'}

  debug@4.3.4:
    resolution: {integrity: sha512-PRWFHuSU3eDtQJPvnNY7Jcket1j0t5OuOsFzPPzsekD52Zl8qUfFIPEiswXqIvHWGVHOgX+7G/vCNNhehwxfkQ==}
    engines: {node: '>=6.0'}
    peerDependencies:
      supports-color: '*'
    peerDependenciesMeta:
      supports-color:
        optional: true

  duplexer2@0.1.4:
    resolution: {integrity: sha512-asLFVfWWtJ90ZyOUHMqk7/S2w2guQKxUI2itj3d92ADHhxUSbCMGi1f1cBcJ7xM1To+pE/Khbwo1yuNbMEPKeA==}

  execa@9.5.2:
    resolution: {integrity: sha512-EHlpxMCpHWSAh1dgS6bVeoLAXGnJNdR93aabr4QCGbzOM73o5XmRfM/e5FUqsw3aagP8S8XEWUWFAxnRBnAF0Q==}
    engines: {node: ^18.19.0 || >=20.5.0}

  figures@6.1.0:
    resolution: {integrity: sha512-d+l3qxjSesT4V7v2fh+QnmFnUWv9lSpjarhShNTgBOfA0ttejbQUAlHLitbjkoRiDulW0OPoQPYIGhIC8ohejg==}
    engines: {node: '>=18'}

  fs.realpath@1.0.0:
    resolution: {integrity: sha512-OO0pH2lK6a0hZnAdau5ItzHPI6pUlvI7jMVnxUQRtw4owF2wk8lOSabtGDCTP4Ggrg2MbGnWO9X8K1t4+fGMDw==}

  fstream@1.0.12:
    resolution: {integrity: sha512-WvJ193OHa0GHPEL+AycEJgxvBEwyfRkN1vhjca23OaPVMCaLCXTd5qAu82AjTcgP1UJmytkOKb63Ypde7raDIg==}
    engines: {node: '>=0.6'}

  get-stream@9.0.1:
    resolution: {integrity: sha512-kVCxPF3vQM/N0B1PmoqVUqgHP+EeVjmZSQn+1oCRPxd2P21P2F19lIgbR3HBosbB1PUhOAoctJnfEn2GbN2eZA==}
    engines: {node: '>=18'}

  glob@7.2.3:
    resolution: {integrity: sha512-nFR0zLpU2YCaRxwoCJvL6UvCH2JFyFVIvwTLsIf21AuHlMskA1hhTdk+LlYJtOlYt9v6dvszD2BGRqBL+iQK9Q==}

  graceful-fs@4.2.11:
    resolution: {integrity: sha512-RbJ5/jmFcNNCcDV5o9eTnBLJ/HszWV0P73bc+Ff4nS/rJj+YaS6IGyiOL0VoBYX+l1Wrl3k63h/KrH+nhJ0XvQ==}

  http-proxy-agent@4.0.1:
    resolution: {integrity: sha512-k0zdNgqWTGA6aeIRVpvfVob4fL52dTfaehylg0Y4UvSySvOq/Y+BOyPrgpUrA7HylqvU8vIZGsRuXmspskV0Tg==}
    engines: {node: '>= 6'}

  https-proxy-agent@5.0.1:
    resolution: {integrity: sha512-dFcAjpTQFgoLMzC2VwU+C/CbS7uRL0lWmxDITmqm7C+7F0Odmj6s9l6alZc6AELXhrnggM2CeWSXHGOdX2YtwA==}
    engines: {node: '>= 6'}

  human-signals@8.0.0:
    resolution: {integrity: sha512-/1/GPCpDUCCYwlERiYjxoczfP0zfvZMU/OWgQPMya9AbAE24vseigFdhAMObpc8Q4lc/kjutPfUddDYyAmejnA==}
    engines: {node: '>=18.18.0'}

  inflight@1.0.6:
    resolution: {integrity: sha512-k92I/b08q4wvFscXCLvqfsHCrjrF7yiXsQuIVvVE7N82W3+aqpzuUdBbfhWcy/FZR3/4IgflMgKLOsvPDrGCJA==}

  inherits@2.0.4:
    resolution: {integrity: sha512-k/vGaX4/Yla3WzyMCvTQOXYeIHvqOKtnqBduzTHpzpQZzAskKMhZ2K+EnBiSM9zGSoIFeMpXKxa4dYeZIQqewQ==}

  is-plain-obj@4.1.0:
    resolution: {integrity: sha512-+Pgi+vMuUNkJyExiMBt5IlFoMyKnr5zhJ4Uspz58WOhBF5QoIZkFyNHIbBAtHwzVAgk5RtndVNsDRN61/mmDqg==}
    engines: {node: '>=12'}

  is-stream@4.0.1:
    resolution: {integrity: sha512-Dnz92NInDqYckGEUJv689RbRiTSEHCQ7wOVeALbkOz999YpqT46yMRIGtSNl2iCL1waAZSx40+h59NV/EwzV/A==}
    engines: {node: '>=18'}

  is-unicode-supported@2.1.0:
    resolution: {integrity: sha512-mE00Gnza5EEB3Ds0HfMyllZzbBrmLOX3vfWoj9A9PEnTfratQ/BcaJOuMhnkhjXvb2+FkY3VuHqtAGpTPmglFQ==}
    engines: {node: '>=18'}

  isarray@1.0.0:
    resolution: {integrity: sha512-VLghIWNM6ELQzo7zwmcg0NmTVyWKYjvIeM83yjp0wRDTmUnrM678fQbcKBo6n2CJEF0szoG//ytg+TKla89ALQ==}

  isexe@2.0.0:
    resolution: {integrity: sha512-RHxMLp9lnKHGHRng9QFhRCMbYAcVpn69smSGcq3f36xjgVVWThj4qqLbTLlq7Ssj8B+fIQ1EuCEGI2lKsyQeIw==}

  listenercount@1.0.1:
    resolution: {integrity: sha512-3mk/Zag0+IJxeDrxSgaDPy4zZ3w05PRZeJNnlWhzFz5OkX49J4krc+A8X2d2M69vGMBEX0uyl8M+W+8gH+kBqQ==}

  minimatch@3.1.2:
    resolution: {integrity: sha512-J7p63hRiAjw1NDEww1W7i37+ByIrOWO5XQQAzZ3VOcL0PNybwpfmV/N05zFAzwQ9USyEcX6t3UO+K5aqBQOIHw==}

  minimatch@5.1.6:
    resolution: {integrity: sha512-lKwV/1brpG6mBUFHtb7NUmtABCb2WZZmm2wNiOA5hAb8VdCS4B3dtMWyvcoViccwAW/COERjXLt0zP1zXUN26g==}
    engines: {node: '>=10'}

  minimist@1.2.8:
    resolution: {integrity: sha512-2yyAR8qBkN3YuheJanUpWC5U3bb5osDywNB8RzDVlDwDHbocAJveqqj1u8+SVD7jkWT4yvsHCpWqqWqAxb0zCA==}

  mkdirp@0.5.6:
    resolution: {integrity: sha512-FP+p8RB8OWpF3YZBCrP5gtADmtXApB5AMLn+vdyA+PyxCjrCs00mjyUozssO33cwDeT3wNGdLxJ5M//YqtHAJw==}
    hasBin: true

  ms@2.1.2:
    resolution: {integrity: sha512-sGkPx+VjMtmA6MX27oA4FBFELFCZZ4S4XqeGOXCv68tT+jb3vk/RyaKWP0PTKyWtmLSM0b+adUTEvbs1PEaH2w==}

  npm-run-path@6.0.0:
    resolution: {integrity: sha512-9qny7Z9DsQU8Ou39ERsPU4OZQlSTP47ShQzuKZ6PRXpYLtIFgl/DEBYEXKlvcEa+9tHVcK8CF81Y2V72qaZhWA==}
    engines: {node: '>=18'}

  once@1.4.0:
    resolution: {integrity: sha512-lNaJgI+2Q5URQBkccEKHTQOPaXdUxnZZElQTZY0MFUAuaEqe1E+Nyvgdz/aIyNi6Z9MzO5dv1H8n58/GELp3+w==}

  parse-ms@4.0.0:
    resolution: {integrity: sha512-TXfryirbmq34y8QBwgqCVLi+8oA3oWx2eAnSn62ITyEhEYaWRlVZ2DvMM9eZbMs/RfxPu/PK/aBLyGj4IrqMHw==}
    engines: {node: '>=18'}

  path-is-absolute@1.0.1:
    resolution: {integrity: sha512-AVbw3UJ2e9bq64vSaS9Am0fje1Pa8pbGqTTsmXfaIiMpnr5DlDhfJOuLj9Sf95ZPVDAUerDfEk88MPmPe7UCQg==}
    engines: {node: '>=0.10.0'}

  path-key@3.1.1:
    resolution: {integrity: sha512-ojmeN0qd+y0jszEtoY48r0Peq5dwMEkIlCOu6Q5f41lfkswXuKtYrhgoTpLnyIcHm24Uhqx+5Tqm2InSwLhE6Q==}
    engines: {node: '>=8'}

  path-key@4.0.0:
    resolution: {integrity: sha512-haREypq7xkM7ErfgIyA0z+Bj4AGKlMSdlQE2jvJo6huWD1EdkKYV+G/T4nq0YEF2vgTT8kqMFKo1uHn950r4SQ==}
    engines: {node: '>=12'}

  pretty-ms@9.2.0:
    resolution: {integrity: sha512-4yf0QO/sllf/1zbZWYnvWw3NxCQwLXKzIj0G849LSufP15BXKM0rbD2Z3wVnkMfjdn/CB0Dpp444gYAACdsplg==}
    engines: {node: '>=18'}

  process-nextick-args@2.0.1:
    resolution: {integrity: sha512-3ouUOpQhtgrbOa17J7+uxOTpITYWaGP7/AhoR3+A+/1e9skrzelGi/dXzEYyvbxubEF6Wn2ypscTKiKJFFn1ag==}

  readable-stream@2.3.8:
    resolution: {integrity: sha512-8p0AUk4XODgIewSi0l8Epjs+EVnWiK7NoDIEGU0HhE7+ZyY8D1IMY7odu5lRrFXGg71L15KG8QrPmum45RTtdA==}

  rimraf@2.7.1:
    resolution: {integrity: sha512-uWjbaKIK3T1OSVptzX7Nl6PvQ3qAGtKEtVRjRuazjfL3Bx5eI409VZSqgND+4UNnmzLVdPj9FqFJNPqBZFve4w==}
    hasBin: true

  rimraf@3.0.2:
    resolution: {integrity: sha512-JZkJMZkAGFFPP2YqXZXPbMlMBgsxzE8ILs4lMIX/2o0L9UBw9O/Y3o6wFw/i9YLapcUJWwqbi3kdxIPdC62TIA==}
    hasBin: true

  safe-buffer@5.1.2:
    resolution: {integrity: sha512-Gd2UZBJDkXlY7GbJxfsE8/nvKkUEU1G38c1siN6QP6a9PT9MmHB8GnpscSmMJSoF8LOIrt8ud/wPtojys4G6+g==}

  semver@7.7.1:
    resolution: {integrity: sha512-hlq8tAfn0m/61p4BVRcPzIGr6LKiMwo4VM6dGi6pt4qcRkmNzTcWq6eCEjEh+qXjkMDvPlOFFSGwQjoEa6gyMA==}
    engines: {node: '>=10'}
    hasBin: true

  setimmediate@1.0.5:
    resolution: {integrity: sha512-MATJdZp8sLqDl/68LfQmbP8zKPLQNV6BIZoIgrscFDQ+RsvK/BxeDQOgyxKKoh0y/8h3BqVFnCqQ/gd+reiIXA==}

  shebang-command@2.0.0:
    resolution: {integrity: sha512-kHxr2zZpYtdmrN1qDjrrX/Z1rR1kG8Dx+gkpK1G4eXmvXswmcE1hTWBWYUzlraYw1/yZp6YuDY77YtvbN0dmDA==}
    engines: {node: '>=8'}

  shebang-regex@3.0.0:
    resolution: {integrity: sha512-7++dFhtcx3353uBaq8DDR4NuxBetBzC7ZQOhmTQInHEd6bSrXdiEyzCvG07Z44UYdLShWUyXt5M/yhz8ekcb1A==}
    engines: {node: '>=8'}

  signal-exit@4.1.0:
    resolution: {integrity: sha512-bzyZ1e88w9O1iNJbKnOlvYTrWPDl46O1bG0D3XInv+9tkPrxrN8jUUTiFlDkkmKWgn1M6CfIA13SuGqOa9Korw==}
    engines: {node: '>=14'}

  string_decoder@1.1.1:
    resolution: {integrity: sha512-n/ShnvDi6FHbbVfviro+WojiFzv+s8MPMHBczVePfUpDJLwoLT0ht1l4YwBCbi8pJAveEEdnkHyPyTP/mzRfwg==}

  strip-final-newline@4.0.0:
    resolution: {integrity: sha512-aulFJcD6YK8V1G7iRB5tigAP4TsHBZZrOV8pjV++zdUwmeV8uzbY7yn6h9MswN62adStNZFuCIx4haBnRuMDaw==}
    engines: {node: '>=18'}

  traverse@0.3.9:
    resolution: {integrity: sha512-iawgk0hLP3SxGKDfnDJf8wTz4p2qImnyihM5Hh/sGvQ3K37dPi/w8sRhdNIxYA1TwFwc5mDhIJq+O0RsvXBKdQ==}

  unicorn-magic@0.3.0:
    resolution: {integrity: sha512-+QBBXBCvifc56fsbuxZQ6Sic3wqqc3WWaqxs58gvJrcOuN83HGTCwz3oS5phzU9LthRNE9VrJCFCLUgHeeFnfA==}
    engines: {node: '>=18'}

  unzipper@0.10.14:
    resolution: {integrity: sha512-ti4wZj+0bQTiX2KmKWuwj7lhV+2n//uXEotUmGuQqrbVZSEGFMbI68+c6JCQ8aAmUWYvtHEz2A8K6wXvueR/6g==}

  util-deprecate@1.0.2:
    resolution: {integrity: sha512-EPD5q1uXyFxJpCrLnCc1nHnq3gOa6DZBocAIiI2TaSCA7VCJ1UJDMagCzIkXNsUYfD1daK//LTEQ8xiIbrHtcw==}

  vscode-jsonrpc@8.1.0:
    resolution: {integrity: sha512-6TDy/abTQk+zDGYazgbIPc+4JoXdwC8NHU9Pbn4UJP1fehUyZmM4RHp5IthX7A6L5KS30PRui+j+tbbMMMafdw==}
    engines: {node: '>=14.0.0'}

  vscode-languageclient@8.1.0:
    resolution: {integrity: sha512-GL4QdbYUF/XxQlAsvYWZRV3V34kOkpRlvV60/72ghHfsYFnS/v2MANZ9P6sHmxFcZKOse8O+L9G7Czg0NUWing==}
    engines: {vscode: ^1.67.0}

  vscode-languageserver-protocol@3.17.3:
    resolution: {integrity: sha512-924/h0AqsMtA5yK22GgMtCYiMdCOtWTSGgUOkgEDX+wk2b0x4sAfLiO4NxBxqbiVtz7K7/1/RgVrVI0NClZwqA==}

  vscode-languageserver-types@3.17.3:
    resolution: {integrity: sha512-SYU4z1dL0PyIMd4Vj8YOqFvHu7Hz/enbWtpfnVbJHU4Nd1YNYx8u0ennumc6h48GQNeOLxmwySmnADouT/AuZA==}

  vscode-test@1.6.1:
    resolution: {integrity: sha512-086q88T2ca1k95mUzffvbzb7esqQNvJgiwY4h29ukPhFo8u+vXOOmelUoU5EQUHs3Of8+JuQ3oGdbVCqaxuTXA==}
    engines: {node: '>=8.9.3'}
    deprecated: This package has been renamed to @vscode/test-electron, please update to the new name

  which@2.0.2:
    resolution: {integrity: sha512-BLI3Tl1TW3Pvl70l3yq3Y64i+awpwXqsGBYWkkqMtnbXgrMD+yj7rhW0kuEDxzJaYXGjEW5ogapKNMEKNMjibA==}
    engines: {node: '>= 8'}
    hasBin: true

  wrappy@1.0.2:
    resolution: {integrity: sha512-l4Sp/DRseor9wL6EvV2+TuQn63dMkPjZ/sp9XkghTEbV9KlPS1xUsZ3u7/IQO4wxtcFB4bgpQPRcR3QCvezPcQ==}

  yoctocolors@2.1.1:
    resolution: {integrity: sha512-GQHQqAopRhwU8Kt1DDM8NjibDXHC8eoh1erhGAJPEyveY9qqVeXvVikNKrDz69sHowPMorbPUrH/mx8c50eiBQ==}
    engines: {node: '>=18'}

snapshots:

  '@sec-ant/readable-stream@0.4.1': {}

  '@sindresorhus/merge-streams@4.0.0': {}

  '@tootallnate/once@1.1.2': {}

  '@types/node@17.0.45': {}

  '@types/vscode@1.97.0': {}

  agent-base@6.0.2:
    dependencies:
      debug: 4.3.4
    transitivePeerDependencies:
      - supports-color

  balanced-match@1.0.2: {}

  big-integer@1.6.51: {}

  binary@0.3.0:
    dependencies:
      buffers: 0.1.1
      chainsaw: 0.1.0

  bluebird@3.4.7: {}

  brace-expansion@1.1.11:
    dependencies:
      balanced-match: 1.0.2
      concat-map: 0.0.1

  brace-expansion@2.0.1:
    dependencies:
      balanced-match: 1.0.2

  buffer-indexof-polyfill@1.0.2: {}

  buffers@0.1.1: {}

  chainsaw@0.1.0:
    dependencies:
      traverse: 0.3.9

  concat-map@0.0.1: {}

  core-util-is@1.0.3: {}

  cross-spawn@7.0.6:
    dependencies:
      path-key: 3.1.1
      shebang-command: 2.0.0
      which: 2.0.2

  debug@4.3.4:
    dependencies:
      ms: 2.1.2

  duplexer2@0.1.4:
    dependencies:
      readable-stream: 2.3.8

  execa@9.5.2:
    dependencies:
      '@sindresorhus/merge-streams': 4.0.0
      cross-spawn: 7.0.6
      figures: 6.1.0
      get-stream: 9.0.1
      human-signals: 8.0.0
      is-plain-obj: 4.1.0
      is-stream: 4.0.1
      npm-run-path: 6.0.0
      pretty-ms: 9.2.0
      signal-exit: 4.1.0
      strip-final-newline: 4.0.0
      yoctocolors: 2.1.1

  figures@6.1.0:
    dependencies:
      is-unicode-supported: 2.1.0

  fs.realpath@1.0.0: {}

  fstream@1.0.12:
    dependencies:
      graceful-fs: 4.2.11
      inherits: 2.0.4
      mkdirp: 0.5.6
      rimraf: 2.7.1

  get-stream@9.0.1:
    dependencies:
      '@sec-ant/readable-stream': 0.4.1
      is-stream: 4.0.1

  glob@7.2.3:
    dependencies:
      fs.realpath: 1.0.0
      inflight: 1.0.6
      inherits: 2.0.4
      minimatch: 3.1.2
      once: 1.4.0
      path-is-absolute: 1.0.1

  graceful-fs@4.2.11: {}

  http-proxy-agent@4.0.1:
    dependencies:
      '@tootallnate/once': 1.1.2
      agent-base: 6.0.2
      debug: 4.3.4
    transitivePeerDependencies:
      - supports-color

  https-proxy-agent@5.0.1:
    dependencies:
      agent-base: 6.0.2
      debug: 4.3.4
    transitivePeerDependencies:
      - supports-color

  human-signals@8.0.0: {}

  inflight@1.0.6:
    dependencies:
      once: 1.4.0
      wrappy: 1.0.2

  inherits@2.0.4: {}

  is-plain-obj@4.1.0: {}

  is-stream@4.0.1: {}

  is-unicode-supported@2.1.0: {}

  isarray@1.0.0: {}

  isexe@2.0.0: {}

  listenercount@1.0.1: {}

  minimatch@3.1.2:
    dependencies:
      brace-expansion: 1.1.11

  minimatch@5.1.6:
    dependencies:
      brace-expansion: 2.0.1

  minimist@1.2.8: {}

  mkdirp@0.5.6:
    dependencies:
      minimist: 1.2.8

  ms@2.1.2: {}

  npm-run-path@6.0.0:
    dependencies:
      path-key: 4.0.0
      unicorn-magic: 0.3.0

  once@1.4.0:
    dependencies:
      wrappy: 1.0.2

  parse-ms@4.0.0: {}

  path-is-absolute@1.0.1: {}

  path-key@3.1.1: {}

  path-key@4.0.0: {}

  pretty-ms@9.2.0:
    dependencies:
      parse-ms: 4.0.0

  process-nextick-args@2.0.1: {}

  readable-stream@2.3.8:
    dependencies:
      core-util-is: 1.0.3
      inherits: 2.0.4
      isarray: 1.0.0
      process-nextick-args: 2.0.1
      safe-buffer: 5.1.2
      string_decoder: 1.1.1
      util-deprecate: 1.0.2

  rimraf@2.7.1:
    dependencies:
      glob: 7.2.3

  rimraf@3.0.2:
    dependencies:
      glob: 7.2.3

  safe-buffer@5.1.2: {}

  semver@7.7.1: {}

  setimmediate@1.0.5: {}

  shebang-command@2.0.0:
    dependencies:
      shebang-regex: 3.0.0

  shebang-regex@3.0.0: {}

  signal-exit@4.1.0: {}

  string_decoder@1.1.1:
    dependencies:
      safe-buffer: 5.1.2

  strip-final-newline@4.0.0: {}

  traverse@0.3.9: {}

  unicorn-magic@0.3.0: {}

  unzipper@0.10.14:
    dependencies:
      big-integer: 1.6.51
      binary: 0.3.0
      bluebird: 3.4.7
      buffer-indexof-polyfill: 1.0.2
      duplexer2: 0.1.4
      fstream: 1.0.12
      graceful-fs: 4.2.11
      listenercount: 1.0.1
      readable-stream: 2.3.8
      setimmediate: 1.0.5

  util-deprecate@1.0.2: {}

  vscode-jsonrpc@8.1.0: {}

  vscode-languageclient@8.1.0:
    dependencies:
      minimatch: 5.1.6
      semver: 7.7.1
      vscode-languageserver-protocol: 3.17.3

  vscode-languageserver-protocol@3.17.3:
    dependencies:
      vscode-jsonrpc: 8.1.0
      vscode-languageserver-types: 3.17.3

  vscode-languageserver-types@3.17.3: {}

  vscode-test@1.6.1:
    dependencies:
      http-proxy-agent: 4.0.1
      https-proxy-agent: 5.0.1
      rimraf: 3.0.2
      unzipper: 0.10.14
    transitivePeerDependencies:
      - supports-color

  which@2.0.2:
    dependencies:
      isexe: 2.0.0

  wrappy@1.0.2: {}

  yoctocolors@2.1.1: {}
